{
  "name": "speed-cloudflare-cli-lite",
  "version": "2.2.2",
  "lockfileVersion": 3,
  "requires": true,
  "packages": {
    "": {
      "name": "speed-cloudflare-cli-lite",
      "version": "2.2.2",
      "license": "MIT",
      "dependencies": {
        "speed-cloudflare-cli-lite": "^2.2.2"
      },
      "bin": {
        "speed-cloudflare-cli-lite": "speed-cloudflare-cli-lite.js"
      }
    },
    "node_modules/speed-cloudflare-cli-lite": {
      "version": "2.2.2",
      "resolved": "https://registry.npmjs.org/speed-cloudflare-cli-lite/-/speed-cloudflare-cli-lite-2.2.2.tgz",
      "integrity": "sha512-MnVxmY9BSrwr/0ldBwpfGUKivZl3b2AltDXm6kOsM5zRlhDzxYc7/+a+bwBp0ZFSjfgaksiH/ZDxU1Bf0DFFQA==",
      "license": "MIT",
      "bin": {
        "speed-cloudflare-cli-lite": "speed-cloudflare-cli-lite.js"
      }
    }
  }
}
